// !$*UTF8*$!
{
	archiveVersion = 1;
	classes = {
	};
	objectVersion = 77;
	objects = {

/* Begin PBXBuildFile section */
		64789F112CF9944900A4B0CB /* FirebaseAuth in Frameworks */ = {isa = PBXBuildFile; productRef = 64789F102CF9944900A4B0CB /* FirebaseAuth */; };
		64789F132CF9944900A4B0CB /* FirebaseFirestore in Frameworks */ = {isa = PBXBuildFile; productRef = 64789F122CF9944900A4B0CB /* FirebaseFirestore */; };
/* End PBXBuildFile section */

/* Begin PBXContainerItemProxy section */
		64DC925A2CD10AA2006F3C42 /* PBXContainerItemProxy */ = {
			isa = PBXContainerItemProxy;
			containerPortal = 64DC923F2CD10A9F006F3C42 /* Project object */;
			proxyType = 1;
			remoteGlobalIDString = 64DC92462CD10A9F006F3C42;
			remoteInfo = "Class Project";
		};
		64DC92642CD10AA2006F3C42 /* PBXContainerItemProxy */ = {
			isa = PBXContainerItemProxy;
			containerPortal = 64DC923F2CD10A9F006F3C42 /* Project object */;
			proxyType = 1;
			remoteGlobalIDString = 64DC92462CD10A9F006F3C42;
			remoteInfo = "Class Project";
		};
/* End PBXContainerItemProxy section */

/* Begin PBXFileReference section */
		64DC92472CD10A9F006F3C42 /* Class Project.app */ = {isa = PBXFileReference; explicitFileType = wrapper.application; includeInIndex = 0; path = "Class Project.app"; sourceTree = BUILT_PRODUCTS_DIR; };
		64DC92592CD10AA2006F3C42 /* Class ProjectTests.xctest */ = {isa = PBXFileReference; explicitFileType = wrapper.cfbundle; includeInIndex = 0; path = "Class ProjectTests.xctest"; sourceTree = BUILT_PRODUCTS_DIR; };
		64DC92632CD10AA2006F3C42 /* Class ProjectUITests.xctest */ = {isa = PBXFileReference; explicitFileType = wrapper.cfbundle; includeInIndex = 0; path = "Class ProjectUITests.xctest"; sourceTree = BUILT_PRODUCTS_DIR; };
/* End PBXFileReference section */

/* Begin PBXFileSystemSynchronizedRootGroup section */
		64DC92492CD10A9F006F3C42 /* Class Project */ = {
			isa = PBXFileSystemSynchronizedRootGroup;
			path = "Class Project";
			sourceTree = "<group>";
		};
		64DC925C2CD10AA2006F3C42 /* Class ProjectTests */ = {
			isa = PBXFileSystemSynchronizedRootGroup;
			path = "Class ProjectTests";
			sourceTree = "<group>";
		};
		64DC92662CD10AA2006F3C42 /* Class ProjectUITests */ = {
			isa = PBXFileSystemSynchronizedRootGroup;
			path = "Class ProjectUITests";
			sourceTree = "<group>";
		};
/* End PBXFileSystemSynchronizedRootGroup section */

/* Begin PBXFrameworksBuildPhase section */
		64DC92442CD10A9F006F3C42 /* Frameworks */ = {
			isa = PBXFrameworksBuildPhase;
			buildActionMask = 2147483647;
			files = (
				64789F112CF9944900A4B0CB /* FirebaseAuth in Frameworks */,
				64789F132CF9944900A4B0CB /* FirebaseFirestore in Frameworks */,
			);
			runOnlyForDeploymentPostprocessing = 0;
		};
		64DC92562CD10AA2006F3C42 /* Frameworks */ = {
			isa = PBXFrameworksBuildPhase;
			buildActionMask = 2147483647;
			files = (
			);
			runOnlyForDeploymentPostprocessing = 0;
		};
		64DC92602CD10AA2006F3C42 /* Frameworks */ = {
			isa = PBXFrameworksBuildPhase;
			buildActionMask = 2147483647;
			files = (
			);
			runOnlyForDeploymentPostprocessing = 0;
		};
/* End PBXFrameworksBuildPhase section */

/* Begin PBXGroup section */
		64DC923E2CD10A9F006F3C42 = {
			isa = PBXGroup;
			children = (
				64DC92492CD10A9F006F3C42 /* Class Project */,
				64DC925C2CD10AA2006F3C42 /* Class ProjectTests */,
				64DC92662CD10AA2006F3C42 /* Class ProjectUITests */,
				64DC92482CD10A9F006F3C42 /* Products */,
			);
			sourceTree = "<group>";
		};
		64DC92482CD10A9F006F3C42 /* Products */ = {
			isa = PBXGroup;
			children = (
				64DC92472CD10A9F006F3C42 /* Class Project.app */,
				64DC92592CD10AA2006F3C42 /* Class ProjectTests.xctest */,
				64DC92632CD10AA2006F3C42 /* Class ProjectUITests.xctest */,
			);
			name = Products;
			sourceTree = "<group>";
		};
/* End PBXGroup section */

/* Begin PBXNativeTarget section */
		64DC92462CD10A9F006F3C42 /* Class Project */ = {
			isa = PBXNativeTarget;
			buildConfigurationList = 64DC926D2CD10AA2006F3C42 /* Build configuration list for PBXNativeTarget "Class Project" */;
			buildPhases = (
				64DC92432CD10A9F006F3C42 /* Sources */,
				64DC92442CD10A9F006F3C42 /* Frameworks */,
				64DC92452CD10A9F006F3C42 /* Resources */,
			);
			buildRules = (
			);
			dependencies = (
			);
			fileSystemSynchronizedGroups = (
				64DC92492CD10A9F006F3C42 /* Class Project */,
			);
			name = "Class Project";
			packageProductDependencies = (
				64789F102CF9944900A4B0CB /* FirebaseAuth */,
				64789F122CF9944900A4B0CB /* FirebaseFirestore */,
			);
			productName = "Class Project";
			productReference = 64DC92472CD10A9F006F3C42 /* Class Project.app */;
			productType = "com.apple.product-type.application";
		};
		64DC92582CD10AA2006F3C42 /* Class ProjectTests */ = {
			isa = PBXNativeTarget;
			buildConfigurationList = 64DC92702CD10AA2006F3C42 /* Build configuration list for PBXNativeTarget "Class ProjectTests" */;
			buildPhases = (
				64DC92552CD10AA2006F3C42 /* Sources */,
				64DC92562CD10AA2006F3C42 /* Frameworks */,
				64DC92572CD10AA2006F3C42 /* Resources */,
			);
			buildRules = (
			);
			dependencies = (
				64DC925B2CD10AA2006F3C42 /* PBXTargetDependency */,
			);
			fileSystemSynchronizedGroups = (
				64DC925C2CD10AA2006F3C42 /* Class ProjectTests */,
			);
			name = "Class ProjectTests";
			packageProductDependencies = (
			);
			productName = "Class ProjectTests";
			productReference = 64DC92592CD10AA2006F3C42 /* Class ProjectTests.xctest */;
			productType = "com.apple.product-type.bundle.unit-test";
		};
		64DC92622CD10AA2006F3C42 /* Class ProjectUITests */ = {
			isa = PBXNativeTarget;
			buildConfigurationList = 64DC92732CD10AA2006F3C42 /* Build configuration list for PBXNativeTarget "Class ProjectUITests" */;
			buildPhases = (
				64DC925F2CD10AA2006F3C42 /* Sources */,
				64DC92602CD10AA2006F3C42 /* Frameworks */,
				64DC92612CD10AA2006F3C42 /* Resources */,
			);
			buildRules = (
			);
			dependencies = (
				64DC92652CD10AA2006F3C42 /* PBXTargetDependency */,
			);
			fileSystemSynchronizedGroups = (
				64DC92662CD10AA2006F3C42 /* Class ProjectUITests */,
			);
			name = "Class ProjectUITests";
			packageProductDependencies = (
			);
			productName = "Class ProjectUITests";
			productReference = 64DC92632CD10AA2006F3C42 /* Class ProjectUITests.xctest */;
			productType = "com.apple.product-type.bundle.ui-testing";
		};
/* End PBXNativeTarget section */

/* Begin PBXProject section */
		64DC923F2CD10A9F006F3C42 /* Project object */ = {
			isa = PBXProject;
			attributes = {
				BuildIndependentTargetsInParallel = 1;
				LastSwiftUpdateCheck = 1600;
				LastUpgradeCheck = 1600;
				TargetAttributes = {
					64DC92462CD10A9F006F3C42 = {
						CreatedOnToolsVersion = 16.0;
					};
					64DC92582CD10AA2006F3C42 = {
						CreatedOnToolsVersion = 16.0;
						TestTargetID = 64DC92462CD10A9F006F3C42;
					};
					64DC92622CD10AA2006F3C42 = {
						CreatedOnToolsVersion = 16.0;
						TestTargetID = 64DC92462CD10A9F006F3C42;
					};
				};
			};
			buildConfigurationList = 64DC92422CD10A9F006F3C42 /* Build configuration list for PBXProject "Class Project" */;
			developmentRegion = en;
			hasScannedForEncodings = 0;
			knownRegions = (
				en,
				Base,
			);
			mainGroup = 64DC923E2CD10A9F006F3C42;
			minimizedProjectReferenceProxies = 1;
			packageReferences = (
				64789F0F2CF9917500A4B0CB /* XCRemoteSwiftPackageReference "firebase-ios-sdk" */,
			);
			preferredProjectObjectVersion = 77;
			productRefGroup = 64DC92482CD10A9F006F3C42 /* Products */;
			projectDirPath = "";
			projectRoot = "";
			targets = (
				64DC92462CD10A9F006F3C42 /* Class Project */,
				64DC92582CD10AA2006F3C42 /* Class ProjectTests */,
				64DC92622CD10AA2006F3C42 /* Class ProjectUITests */,
			);
		};
/* End PBXProject section */

/* Begin PBXResourcesBuildPhase section */
		64DC92452CD10A9F006F3C42 /* Resources */ = {
			isa = PBXResourcesBuildPhase;
			buildActionMask = 2147483647;
			files = (
			);
			runOnlyForDeploymentPostprocessing = 0;
		};
		64DC92572CD10AA2006F3C42 /* Resources */ = {
			isa = PBXResourcesBuildPhase;
			buildActionMask = 2147483647;
			files = (
			);
			runOnlyForDeploymentPostprocessing = 0;
		};
		64DC92612CD10AA2006F3C42 /* Resources */ = {
			isa = PBXResourcesBuildPhase;
			buildActionMask = 2147483647;
			files = (
			);
			runOnlyForDeploymentPostprocessing = 0;
		};
/* End PBXResourcesBuildPhase section */

/* Begin PBXSourcesBuildPhase section */
		64DC92432CD10A9F006F3C42 /* Sources */ = {
			isa = PBXSourcesBuildPhase;
			buildActionMask = 2147483647;
			files = (
			);
			runOnlyForDeploymentPostprocessing = 0;
		};
		64DC92552CD10AA2006F3C42 /* Sources */ = {
			isa = PBXSourcesBuildPhase;
			buildActionMask = 2147483647;
			files = (
			);
			runOnlyForDeploymentPostprocessing = 0;
		};
		64DC925F2CD10AA2006F3C42 /* Sources */ = {
			isa = PBXSourcesBuildPhase;
			buildActionMask = 2147483647;
			files = (
			);
			runOnlyForDeploymentPostprocessing = 0;
		};
/* End PBXSourcesBuildPhase section */

/* Begin PBXTargetDependency section */
		64DC925B2CD10AA2006F3C42 /* PBXTargetDependency */ = {
			isa = PBXTargetDependency;
			target = 64DC92462CD10A9F006F3C42 /* Class Project */;
			targetProxy = 64DC925A2CD10AA2006F3C42 /* PBXContainerItemProxy */;
		};
		64DC92652CD10AA2006F3C42 /* PBXTargetDependency */ = {
			isa = PBXTargetDependency;
			target = 64DC92462CD10A9F006F3C42 /* Class Project */;
			targetProxy = 64DC92642CD10AA2006F3C42 /* PBXContainerItemProxy */;
		};
/* End PBXTargetDependency section */

/* Begin XCBuildConfiguration section */
		64DC926B2CD10AA2006F3C42 /* Debug */ = {
			isa = XCBuildConfiguration;
			buildSettings = {
				ALWAYS_SEARCH_USER_PATHS = NO;
				ASSETCATALOG_COMPILER_GENERATE_SWIFT_ASSET_SYMBOL_EXTENSIONS = YES;
				CLANG_ANALYZER_NONNULL = YES;
				CLANG_ANALYZER_NUMBER_OBJECT_CONVERSION = YES_AGGRESSIVE;
				CLANG_CXX_LANGUAGE_STANDARD = "gnu++20";
				CLANG_ENABLE_MODULES = YES;
				CLANG_ENABLE_OBJC_ARC = YES;
				CLANG_ENABLE_OBJC_WEAK = YES;
				CLANG_WARN_BLOCK_CAPTURE_AUTORELEASING = YES;
				CLANG_WARN_BOOL_CONVERSION = YES;
				CLANG_WARN_COMMA = YES;
				CLANG_WARN_CONSTANT_CONVERSION = YES;
				CLANG_WARN_DEPRECATED_OBJC_IMPLEMENTATIONS = YES;
				CLANG_WARN_DIRECT_OBJC_ISA_USAGE = YES_ERROR;
				CLANG_WARN_DOCUMENTATION_COMMENTS = YES;
				CLANG_WARN_EMPTY_BODY = YES;
				CLANG_WARN_ENUM_CONVERSION = YES;
				CLANG_WARN_INFINITE_RECURSION = YES;
				CLANG_WARN_INT_CONVERSION = YES;
				CLANG_WARN_NON_LITERAL_NULL_CONVERSION = YES;
				CLANG_WARN_OBJC_IMPLICIT_RETAIN_SELF = YES;
				CLANG_WARN_OBJC_LITERAL_CONVERSION = YES;
				CLANG_WARN_OBJC_ROOT_CLASS = YES_ERROR;
				CLANG_WARN_QUOTED_INCLUDE_IN_FRAMEWORK_HEADER = YES;
				CLANG_WARN_RANGE_LOOP_ANALYSIS = YES;
				CLANG_WARN_STRICT_PROTOTYPES = YES;
				CLANG_WARN_SUSPICIOUS_MOVE = YES;
				CLANG_WARN_UNGUARDED_AVAILABILITY = YES_AGGRESSIVE;
				CLANG_WARN_UNREACHABLE_CODE = YES;
				CLANG_WARN__DUPLICATE_METHOD_MATCH = YES;
				COPY_PHASE_STRIP = NO;
				DEBUG_INFORMATION_FORMAT = dwarf;
				ENABLE_STRICT_OBJC_MSGSEND = YES;
				ENABLE_TESTABILITY = YES;
				ENABLE_USER_SCRIPT_SANDBOXING = YES;
				GCC_C_LANGUAGE_STANDARD = gnu17;
				GCC_DYNAMIC_NO_PIC = NO;
				GCC_NO_COMMON_BLOCKS = YES;
				GCC_OPTIMIZATION_LEVEL = 0;
				GCC_PREPROCESSOR_DEFINITIONS = (
					"DEBUG=1",
					"$(inherited)",
				);
				GCC_WARN_64_TO_32_BIT_CONVERSION = YES;
				GCC_WARN_ABOUT_RETURN_TYPE = YES_ERROR;
				GCC_WARN_UNDECLARED_SELECTOR = YES;
				GCC_WARN_UNINITIALIZED_AUTOS = YES_AGGRESSIVE;
				GCC_WARN_UNUSED_FUNCTION = YES;
				GCC_WARN_UNUSED_VARIABLE = YES;
				IPHONEOS_DEPLOYMENT_TARGET = 18.0;
				LOCALIZATION_PREFERS_STRING_CATALOGS = YES;
				MTL_ENABLE_DEBUG_INFO = INCLUDE_SOURCE;
				MTL_FAST_MATH = YES;
				ONLY_ACTIVE_ARCH = YES;
				SDKROOT = iphoneos;
				SWIFT_ACTIVE_COMPILATION_CONDITIONS = "DEBUG $(inherited)";
				SWIFT_OPTIMIZATION_LEVEL = "-Onone";
			};
			name = Debug;
		};
		64DC926C2CD10AA2006F3C42 /* Release */ = {
			isa = XCBuildConfiguration;
			buildSettings = {
				ALWAYS_SEARCH_USER_PATHS = NO;
				ASSETCATALOG_COMPILER_GENERATE_SWIFT_ASSET_SYMBOL_EXTENSIONS = YES;
				CLANG_ANALYZER_NONNULL = YES;
				CLANG_ANALYZER_NUMBER_OBJECT_CONVERSION = YES_AGGRESSIVE;
				CLANG_CXX_LANGUAGE_STANDARD = "gnu++20";
				CLANG_ENABLE_MODULES = YES;
				CLANG_ENABLE_OBJC_ARC = YES;
				CLANG_ENABLE_OBJC_WEAK = YES;
				CLANG_WARN_BLOCK_CAPTURE_AUTORELEASING = YES;
				CLANG_WARN_BOOL_CONVERSION = YES;
				CLANG_WARN_COMMA = YES;
				CLANG_WARN_CONSTANT_CONVERSION = YES;
				CLANG_WARN_DEPRECATED_OBJC_IMPLEMENTATIONS = YES;
				CLANG_WARN_DIRECT_OBJC_ISA_USAGE = YES_ERROR;
				CLANG_WARN_DOCUMENTATION_COMMENTS = YES;
				CLANG_WARN_EMPTY_BODY = YES;
				CLANG_WARN_ENUM_CONVERSION = YES;
				CLANG_WARN_INFINITE_RECURSION = YES;
				CLANG_WARN_INT_CONVERSION = YES;
				CLANG_WARN_NON_LITERAL_NULL_CONVERSION = YES;
				CLANG_WARN_OBJC_IMPLICIT_RETAIN_SELF = YES;
				CLANG_WARN_OBJC_LITERAL_CONVERSION = YES;
				CLANG_WARN_OBJC_ROOT_CLASS = YES_ERROR;
				CLANG_WARN_QUOTED_INCLUDE_IN_FRAMEWORK_HEADER = YES;
				CLANG_WARN_RANGE_LOOP_ANALYSIS = YES;
				CLANG_WARN_STRICT_PROTOTYPES = YES;
				CLANG_WARN_SUSPICIOUS_MOVE = YES;
				CLANG_WARN_UNGUARDED_AVAILABILITY = YES_AGGRESSIVE;
				CLANG_WARN_UNREACHABLE_CODE = YES;
				CLANG_WARN__DUPLICATE_METHOD_MATCH = YES;
				COPY_PHASE_STRIP = NO;
				DEBUG_INFORMATION_FORMAT = "dwarf-with-dsym";
				ENABLE_NS_ASSERTIONS = NO;
				ENABLE_STRICT_OBJC_MSGSEND = YES;
				ENABLE_USER_SCRIPT_SANDBOXING = YES;
				GCC_C_LANGUAGE_STANDARD = gnu17;
				GCC_NO_COMMON_BLOCKS = YES;
				GCC_WARN_64_TO_32_BIT_CONVERSION = YES;
				GCC_WARN_ABOUT_RETURN_TYPE = YES_ERROR;
				GCC_WARN_UNDECLARED_SELECTOR = YES;
				GCC_WARN_UNINITIALIZED_AUTOS = YES_AGGRESSIVE;
				GCC_WARN_UNUSED_FUNCTION = YES;
				GCC_WARN_UNUSED_VARIABLE = YES;
				IPHONEOS_DEPLOYMENT_TARGET = 18.0;
				LOCALIZATION_PREFERS_STRING_CATALOGS = YES;
				MTL_ENABLE_DEBUG_INFO = NO;
				MTL_FAST_MATH = YES;
				SDKROOT = iphoneos;
				SWIFT_COMPILATION_MODE = wholemodule;
				VALIDATE_PRODUCT = YES;
			};
			name = Release;
		};
		64DC926E2CD10AA2006F3C42 /* Debug */ = {
			isa = XCBuildConfiguration;
			buildSettings = {
				ASSETCATALOG_COMPILER_APPICON_NAME = AppIcon;
				ASSETCATALOG_COMPILER_GLOBAL_ACCENT_COLOR_NAME = AccentColor;
				CODE_SIGN_STYLE = Automatic;
				CURRENT_PROJECT_VERSION = 1;
				DEVELOPMENT_ASSET_PATHS = "\"Class Project/Preview Content\"";
				DEVELOPMENT_TEAM = DWKT3LYKQB;
				ENABLE_PREVIEWS = YES;
				GENERATE_INFOPLIST_FILE = YES;
				INFOPLIST_KEY_NSLocationAlwaysAndWhenInUseUsageDescription = "The app needs access to your location to provide location-based services.";
				INFOPLIST_KEY_UIApplicationSceneManifest_Generation = YES;
				INFOPLIST_KEY_UIApplicationSupportsIndirectInputEvents = YES;
				INFOPLIST_KEY_UILaunchScreen_Generation = YES;
				INFOPLIST_KEY_UISupportedInterfaceOrientations_iPad = "UIInterfaceOrientationPortrait UIInterfaceOrientationPortraitUpsideDown UIInterfaceOrientationLandscapeLeft UIInterfaceOrientationLandscapeRight";
				INFOPLIST_KEY_UISupportedInterfaceOrientations_iPhone = "UIInterfaceOrientationPortrait UIInterfaceOrientationLandscapeLeft UIInterfaceOrientationLandscapeRight";
				LD_RUNPATH_SEARCH_PATHS = (
					"$(inherited)",
					"@executable_path/Frameworks",
				);
				MARKETING_VERSION = 1.0;
				NEW_SETTING = "";
				PRODUCT_BUNDLE_IDENTIFIER = "ASU.Class-Project";
				PRODUCT_NAME = "$(TARGET_NAME)";
				SWIFT_EMIT_LOC_STRINGS = YES;
				SWIFT_VERSION = 5.0;
				TARGETED_DEVICE_FAMILY = "1,2";
			};
			name = Debug;
		};
		64DC926F2CD10AA2006F3C42 /* Release */ = {
			isa = XCBuildConfiguration;
			buildSettings = {
				ASSETCATALOG_COMPILER_APPICON_NAME = AppIcon;
				ASSETCATALOG_COMPILER_GLOBAL_ACCENT_COLOR_NAME = AccentColor;
				CODE_SIGN_STYLE = Automatic;
				CURRENT_PROJECT_VERSION = 1;
				DEVELOPMENT_ASSET_PATHS = "\"Class Project/Preview Content\"";
				DEVELOPMENT_TEAM = DWKT3LYKQB;
				ENABLE_PREVIEWS = YES;
				GENERATE_INFOPLIST_FILE = YES;
				INFOPLIST_KEY_NSLocationAlwaysAndWhenInUseUsageDescription = "The app needs access to your location to provide location-based services.";
				INFOPLIST_KEY_UIApplicationSceneManifest_Generation = YES;
				INFOPLIST_KEY_UIApplicationSupportsIndirectInputEvents = YES;
				INFOPLIST_KEY_UILaunchScreen_Generation = YES;
				INFOPLIST_KEY_UISupportedInterfaceOrientations_iPad = "UIInterfaceOrientationPortrait UIInterfaceOrientationPortraitUpsideDown UIInterfaceOrientationLandscapeLeft UIInterfaceOrientationLandscapeRight";
				INFOPLIST_KEY_UISupportedInterfaceOrientations_iPhone = "UIInterfaceOrientationPortrait UIInterfaceOrientationLandscapeLeft UIInterfaceOrientationLandscapeRight";
				LD_RUNPATH_SEARCH_PATHS = (
					"$(inherited)",
					"@executable_path/Frameworks",
				);
				MARKETING_VERSION = 1.0;
				NEW_SETTING = "";
				PRODUCT_BUNDLE_IDENTIFIER = "ASU.Class-Project";
				PRODUCT_NAME = "$(TARGET_NAME)";
				SWIFT_EMIT_LOC_STRINGS = YES;
				SWIFT_VERSION = 5.0;
				TARGETED_DEVICE_FAMILY = "1,2";
			};
			name = Release;
		};
		64DC92712CD10AA2006F3C42 /* Debug */ = {
			isa = XCBuildConfiguration;
			buildSettings = {
				BUNDLE_LOADER = "$(TEST_HOST)";
				CODE_SIGN_STYLE = Automatic;
				CURRENT_PROJECT_VERSION = 1;
				DEVELOPMENT_TEAM = DWKT3LYKQB;
				GENERATE_INFOPLIST_FILE = YES;
				IPHONEOS_DEPLOYMENT_TARGET = 18.0;
				MARKETING_VERSION = 1.0;
				PRODUCT_BUNDLE_IDENTIFIER = "ASU.Class-ProjectTests";
				PRODUCT_NAME = "$(TARGET_NAME)";
				SWIFT_EMIT_LOC_STRINGS = NO;
				SWIFT_VERSION = 5.0;
				TARGETED_DEVICE_FAMILY = "1,2";
				TEST_HOST = "$(BUILT_PRODUCTS_DIR)/Class Project.app/$(BUNDLE_EXECUTABLE_FOLDER_PATH)/Class Project";
			};
			name = Debug;
		};
		64DC92722CD10AA2006F3C42 /* Release */ = {
			isa = XCBuildConfiguration;
			buildSettings = {
				BUNDLE_LOADER = "$(TEST_HOST)";
				CODE_SIGN_STYLE = Automatic;
				CURRENT_PROJECT_VERSION = 1;
				DEVELOPMENT_TEAM = DWKT3LYKQB;
				GENERATE_INFOPLIST_FILE = YES;
				IPHONEOS_DEPLOYMENT_TARGET = 18.0;
				MARKETING_VERSION = 1.0;
				PRODUCT_BUNDLE_IDENTIFIER = "ASU.Class-ProjectTests";
				PRODUCT_NAME = "$(TARGET_NAME)";
				SWIFT_EMIT_LOC_STRINGS = NO;
				SWIFT_VERSION = 5.0;
				TARGETED_DEVICE_FAMILY = "1,2";
				TEST_HOST = "$(BUILT_PRODUCTS_DIR)/Class Project.app/$(BUNDLE_EXECUTABLE_FOLDER_PATH)/Class Project";
			};
			name = Release;
		};
		64DC92742CD10AA2006F3C42 /* Debug */ = {
			isa = XCBuildConfiguration;
			buildSettings = {
				CODE_SIGN_STYLE = Automatic;
				CURRENT_PROJECT_VERSION = 1;
				DEVELOPMENT_TEAM = DWKT3LYKQB;
				GENERATE_INFOPLIST_FILE = YES;
				MARKETING_VERSION = 1.0;
				PRODUCT_BUNDLE_IDENTIFIER = "ASU.Class-ProjectUITests";
				PRODUCT_NAME = "$(TARGET_NAME)";
				SWIFT_EMIT_LOC_STRINGS = NO;
				SWIFT_VERSION = 5.0;
				TARGETED_DEVICE_FAMILY = "1,2";
				TEST_TARGET_NAME = "Class Project";
			};
			name = Debug;
		};
		64DC92752CD10AA2006F3C42 /* Release */ = {
			isa = XCBuildConfiguration;
			buildSettings = {
				CODE_SIGN_STYLE = Automatic;
				CURRENT_PROJECT_VERSION = 1;
				DEVELOPMENT_TEAM = DWKT3LYKQB;
				GENERATE_INFOPLIST_FILE = YES;
				MARKETING_VERSION = 1.0;
				PRODUCT_BUNDLE_IDENTIFIER = "ASU.Class-ProjectUITests";
				PRODUCT_NAME = "$(TARGET_NAME)";
				SWIFT_EMIT_LOC_STRINGS = NO;
				SWIFT_VERSION = 5.0;
				TARGETED_DEVICE_FAMILY = "1,2";
				TEST_TARGET_NAME = "Class Project";
			};
			name = Release;
		};
/* End XCBuildConfiguration section */

/* Begin XCConfigurationList section */
		64DC92422CD10A9F006F3C42 /* Build configuration list for PBXProject "Class Project" */ = {
			isa = XCConfigurationList;
			buildConfigurations = (
				64DC926B2CD10AA2006F3C42 /* Debug */,
				64DC926C2CD10AA2006F3C42 /* Release */,
			);
			defaultConfigurationIsVisible = 0;
			defaultConfigurationName = Release;
		};
		64DC926D2CD10AA2006F3C42 /* Build configuration list for PBXNativeTarget "Class Project" */ = {
			isa = XCConfigurationList;
			buildConfigurations = (
				64DC926E2CD10AA2006F3C42 /* Debug */,
				64DC926F2CD10AA2006F3C42 /* Release */,
			);
			defaultConfigurationIsVisible = 0;
			defaultConfigurationName = Release;
		};
		64DC92702CD10AA2006F3C42 /* Build configuration list for PBXNativeTarget "Class ProjectTests" */ = {
			isa = XCConfigurationList;
			buildConfigurations = (
				64DC92712CD10AA2006F3C42 /* Debug */,
				64DC92722CD10AA2006F3C42 /* Release */,
			);
			defaultConfigurationIsVisible = 0;
			defaultConfigurationName = Release;
		};
		64DC92732CD10AA2006F3C42 /* Build configuration list for PBXNativeTarget "Class ProjectUITests" */ = {
			isa = XCConfigurationList;
			buildConfigurations = (
				64DC92742CD10AA2006F3C42 /* Debug */,
				64DC92752CD10AA2006F3C42 /* Release */,
			);
			defaultConfigurationIsVisible = 0;
			defaultConfigurationName = Release;
		};
/* End XCConfigurationList section */

/* Begin XCRemoteSwiftPackageReference section */
		64789F0F2CF9917500A4B0CB /* XCRemoteSwiftPackageReference "firebase-ios-sdk" */ = {
			isa = XCRemoteSwiftPackageReference;
			repositoryURL = "https://github.com/firebase/firebase-ios-sdk.git";
			requirement = {
				kind = upToNextMajorVersion;
				minimumVersion = 11.5.0;
			};
		};
/* End XCRemoteSwiftPackageReference section */

/* Begin XCSwiftPackageProductDependency section */
		64789F102CF9944900A4B0CB /* FirebaseAuth */ = {
			isa = XCSwiftPackageProductDependency;
			package = 64789F0F2CF9917500A4B0CB /* XCRemoteSwiftPackageReference "firebase-ios-sdk" */;
			productName = FirebaseAuth;
		};
		64789F122CF9944900A4B0CB /* FirebaseFirestore */ = {
			isa = XCSwiftPackageProductDependency;
			package = 64789F0F2CF9917500A4B0CB /* XCRemoteSwiftPackageReference "firebase-ios-sdk" */;
			productName = FirebaseFirestore;
		};
/* End XCSwiftPackageProductDependency section */
	};
	rootObject = 64DC923F2CD10A9F006F3C42 /* Project object */;
}
